{
  "name": "h3",
  "version": "1.0.0",
  "lockfileVersion": 1,
  "requires": true,
  "dependencies": {
    "h3-js": {
      "version": "3.4.3",
      "resolved": "https://registry.npmjs.org/h3-js/-/h3-js-3.4.3.tgz",
      "integrity": "sha512-rr+kkErW7DqDlFN1KikjjDEurQxaPb0dJHpcijSzr+/WDjMYK7F9/Qr412HNSG5BkbG8XXK9CbPHVjDI85GYUA=="
    }
  }
}
